
Microsoft Visual Studio Solution File, Format Version 12.00
# Visual Studio Version 16
VisualStudioVersion = 16.0.29920.165
MinimumVisualStudioVersion = 10.0.40219.1
Project("{FAE04EC0-301F-11D3-BF4B-00C04F79EFBC}") = "app_FizzBuzz", "app_FizzBuzz.csproj", "{17BABA7B-52B7-40DB-BA45-D4C03FEF4191}"
EndProject
Project("{FAE04EC0-301F-11D3-BF4B-00C04F79EFBC}") = "test_FizzBuzz", "..\test_FizzBuzz\test_FizzBuzz.csproj", "{36635B19-970F-4E0F-82D4-0AC80C948982}"
EndProject
Global
	GlobalSection(SolutionConfigurationPlatforms) = preSolution
		Debug|Any CPU = Debug|Any CPU
		Release|Any CPU = Release|Any CPU
	EndGlobalSection
	GlobalSection(ProjectConfigurationPlatforms) = postSolution
		{17BABA7B-52B7-40DB-BA45-D4C03FEF4191}.Debug|Any CPU.ActiveCfg = Debug|Any CPU
		{17BABA7B-52B7-40DB-BA45-D4C03FEF4191}.Debug|Any CPU.Build.0 = Debug|Any CPU
		{17BABA7B-52B7-40DB-BA45-D4C03FEF4191}.Release|Any CPU.ActiveCfg = Release|Any CPU
		{17BABA7B-52B7-40DB-BA45-D4C03FEF4191}.Release|Any CPU.Build.0 = Release|Any CPU
		{36635B19-970F-4E0F-82D4-0AC80C948982}.Debug|Any CPU.ActiveCfg = Debug|Any CPU
		{36635B19-970F-4E0F-82D4-0AC80C948982}.Debug|Any CPU.Build.0 = Debug|Any CPU
		{36635B19-970F-4E0F-82D4-0AC80C948982}.Release|Any CPU.ActiveCfg = Release|Any CPU
		{36635B19-970F-4E0F-82D4-0AC80C948982}.Release|Any CPU.Build.0 = Release|Any CPU
	EndGlobalSection
	GlobalSection(SolutionProperties) = preSolution
		HideSolutionNode = FALSE
	EndGlobalSection
	GlobalSection(ExtensibilityGlobals) = postSolution
		SolutionGuid = {2D1637FA-9EB2-41B0-BF03-987D86605DD7}
	EndGlobalSection
EndGlobal
